#MicroXplorer Configuration settings - do not modify
Mcu.Family=STM32F1
ProjectManager.MainLocation=Core/Src
RCC.MCOFreq_Value=64000000
PB13.GPIOParameters=GPIO_Label
ProjectManager.ProjectFileName=smartfarm_2.ioc
NVIC.I2C1_EV_IRQn=true\:0\:0\:false\:false\:true\:true\:true
ProjectManager.KeepUserCode=true
Mcu.UserName=STM32F103C8Tx
PA10.Mode=Asynchronous
Mcu.PinsNb=11
ProjectManager.NoMain=false
I2C1.GeneralCallMode=I2C_GENERALCALL_DISABLE
CAN.ABOM=DISABLE
USART1.BaudRate=115200
RCC.PLLCLKFreq_Value=64000000
CAN.RFLM=DISABLE
PC13-TAMPER-RTC.GPIOParameters=GPIO_Label
USART1.WordLength=WORDLENGTH_8B
ProjectManager.functionlistsort=1-MX_GPIO_Init-GPIO-false-HAL-true,2-SystemClock_Config-RCC-false-HAL-false,3-MX_USART1_UART_Init-USART1-false-HAL-true,4-MX_CAN_Init-CAN-false-HAL-true,5-MX_I2C1_Init-I2C1-false-HAL-true
PC13-TAMPER-RTC.Signal=GPIO_Output
RCC.ADCFreqValue=32000000
ProjectManager.DefaultFWLocation=true
PB6.GPIO_Label=SHT_CLK
CAN.SJW=CAN_SJW_1TQ
ProjectManager.DeletePrevious=true
USART1.IPParameters=BaudRate,WordLength,Parity,StopBits,Mode,VirtualMode
RCC.APB1CLKDivider=RCC_HCLK_DIV8
PB13.GPIO_Label=SHT_ALERT
PB13.Signal=GPIO_Input
VP_SYS_VS_ND.Mode=No_Debug
CAN.CalculateTimeBit=2000
PinOutPanel.RotationAngle=0
RCC.FamilyName=M
RCC.SYSCLKSource=RCC_SYSCLKSOURCE_PLLCLK
ProjectManager.StackSize=0x600
I2C1.DualAddressMode=I2C_DUALADDRESS_DISABLE
CAN.TTCM=DISABLE
Mcu.IP4=SYS
RCC.FCLKCortexFreq_Value=64000000
Mcu.IP5=USART1
I2C1.IPParameters=I2C_Mode,ClockSpeed,DutyCycle,NoStretchMode,AddressingMode,DualAddressMode,OwnAddress,GeneralCallMode
Mcu.IP2=NVIC
NVIC.SVCall_IRQn=true\:0\:0\:false\:false\:true\:false\:false
Mcu.IP3=RCC
Mcu.IP0=CAN
PA9.Mode=Asynchronous
Mcu.IP1=I2C1
CAN.BS2=CAN_BS2_2TQ
CAN.Prescaler=1
CAN.BS1=CAN_BS1_13TQ
USART1.StopBits=STOPBITS_1
Mcu.UserConstants=
I2C1.ClockSpeed=400000
ProjectManager.TargetToolchain=TrueSTUDIO
I2C1.I2C_Mode=I2C_Fast
Mcu.ThirdPartyNb=0
PB7.GPIOParameters=GPIO_Label
RCC.HCLKFreq_Value=64000000
RCC.FLatency=FLASH_LATENCY_2
Mcu.IPNb=6
ProjectManager.PreviousToolchain=TrueSTUDIO
PB9.Mode=Master
I2C1.DutyCycle=I2C_DUTYCYCLE_2
RCC.APB2TimFreq_Value=64000000
PA9.Signal=USART1_TX
USART1.Parity=PARITY_NONE
PB6.Signal=I2C1_SCL
PB12.PinState=GPIO_PIN_SET
PB6.Mode=I2C
I2C1.AddressingMode=I2C_ADDRESSINGMODE_7BIT
Mcu.Pin6=PB7
Mcu.Pin7=PB8
ProjectManager.RegisterCallBack=
Mcu.Pin8=PB9
RCC.USBFreq_Value=64000000
Mcu.Pin9=VP_SYS_VS_ND
CAN.Mode=CAN_MODE_NORMAL
RCC.AHBFreq_Value=64000000
Mcu.Pin0=PC13-TAMPER-RTC
Mcu.Pin1=PB12
GPIO.groupedBy=Group By Peripherals
Mcu.Pin2=PB13
Mcu.Pin3=PA9
Mcu.Pin4=PA10
Mcu.Pin5=PB6
ProjectManager.ProjectBuild=false
NVIC.UsageFault_IRQn=true\:0\:0\:false\:false\:true\:false\:false
NVIC.DebugMonitor_IRQn=true\:0\:0\:false\:false\:true\:false\:false
board=custom
NVIC.SysTick_IRQn=true\:0\:0\:false\:false\:true\:false\:true
ProjectManager.LastFirmware=true
PC13-TAMPER-RTC.GPIO_Label=Debug_LED
RCC.PLLMUL=RCC_PLL_MUL16
PB12.GPIO_Label=SHT_RESET
ProjectManager.FirmwarePackage=STM32Cube FW_F1 V1.8.4
MxDb.Version=DB.6.0.0
RCC.APB2Freq_Value=64000000
I2C1.NoStretchMode=I2C_NOSTRETCH_DISABLE
ProjectManager.BackupPrevious=false
MxCube.Version=6.0.1
USART1.Mode=MODE_TX_RX
NVIC.USB_LP_CAN1_RX0_IRQn=true\:0\:0\:false\:false\:true\:true\:true
CAN.NART=ENABLE
File.Version=6
VP_SYS_VS_Systick.Mode=SysTick
VP_SYS_VS_ND.Signal=SYS_VS_ND
PB7.Signal=I2C1_SDA
NVIC.NonMaskableInt_IRQn=true\:0\:0\:false\:false\:true\:false\:false
CAN.IPParameters=Prescaler,BS1,SJW,TTCM,ABOM,AWUM,NART,RFLM,TXFP,Mode,CalculateTimeQuantum,CalculateTimeBit,BS2
NVIC.PendSV_IRQn=true\:0\:0\:false\:false\:true\:false\:false
ProjectManager.FreePins=false
NVIC.I2C1_ER_IRQn=true\:0\:0\:false\:false\:true\:true\:true
RCC.IPParameters=ADCFreqValue,AHBFreq_Value,APB1CLKDivider,APB1Freq_Value,APB1TimFreq_Value,APB2Freq_Value,APB2TimFreq_Value,FCLKCortexFreq_Value,FLatency,FamilyName,HCLKFreq_Value,MCOFreq_Value,PLLCLKFreq_Value,PLLMCOFreq_Value,PLLMUL,SYSCLKFreq_VALUE,SYSCLKSource,TimSysFreq_Value,USBFreq_Value
ProjectManager.AskForMigrate=true
Mcu.Name=STM32F103C(8-B)Tx
PB6.GPIOParameters=GPIO_Label
CAN.CalculateTimeQuantum=125.0
ProjectManager.HalAssertFull=false
ProjectManager.ProjectName=smartfarm_2
ProjectManager.UnderRoot=true
I2C1.OwnAddress=0x44
RCC.PLLMCOFreq_Value=32000000
ProjectManager.CoupleFile=true
PB7.GPIO_Label=SHT_DATA
RCC.SYSCLKFreq_VALUE=64000000
Mcu.Package=LQFP48
PB9.Signal=CAN_TX
RCC.TimSysFreq_Value=64000000
NVIC.ForceEnableDMAVector=true
KeepUserPlacement=false
NVIC.MemoryManagement_IRQn=true\:0\:0\:false\:false\:true\:false\:false
USART1.VirtualMode=VM_ASYNC
ProjectManager.CompilerOptimize=6
ProjectManager.ToolChainLocation=
VP_SYS_VS_Systick.Signal=SYS_VS_Systick
PB7.Mode=I2C
PA10.Signal=USART1_RX
ProjectManager.HeapSize=0x400
NVIC.HardFault_IRQn=true\:0\:0\:false\:false\:true\:false\:false
ProjectManager.ComputerToolchain=false
NVIC.PriorityGroup=NVIC_PRIORITYGROUP_4
PB8.Mode=Master
Mcu.Pin10=VP_SYS_VS_Systick
CAN.TXFP=DISABLE
RCC.APB1TimFreq_Value=16000000
PB8.Signal=CAN_RX
NVIC.BusFault_IRQn=true\:0\:0\:false\:false\:true\:false\:false
CAN.AWUM=DISABLE
NVIC.USART1_IRQn=true\:0\:0\:false\:true\:true\:1\:true\:true
RCC.APB1Freq_Value=8000000
ProjectManager.CustomerFirmwarePackage=
ProjectManager.DeviceId=STM32F103C8Tx
PB12.GPIOParameters=PinState,GPIO_Label
PB12.Signal=GPIO_Output
ProjectManager.LibraryCopy=1
